// !$*UTF8*$!
{
	archiveVersion = 1;
	classes = {
	};
	objectVersion = 50;
	objects = {

/* Begin PBXBuildFile section */
		F257991020ECA66900971A0E /* AppDelegate.m in Sources */ = {isa = PBXBuildFile; fileRef = F257990F20ECA66900971A0E /* AppDelegate.m */; };
		F257991320ECA66900971A0E /* ViewController.m in Sources */ = {isa = PBXBuildFile; fileRef = F257991220ECA66900971A0E /* ViewController.m */; };
		F257991620ECA66900971A0E /* Main.storyboard in Resources */ = {isa = PBXBuildFile; fileRef = F257991420ECA66900971A0E /* Main.storyboard */; };
		F257991820ECA66A00971A0E /* Assets.xcassets in Resources */ = {isa = PBXBuildFile; fileRef = F257991720ECA66A00971A0E /* Assets.xcassets */; };
		F257991B20ECA66A00971A0E /* LaunchScreen.storyboard in Resources */ = {isa = PBXBuildFile; fileRef = F257991920ECA66A00971A0E /* LaunchScreen.storyboard */; };
		F257991E20ECA66A00971A0E /* main.m in Sources */ = {isa = PBXBuildFile; fileRef = F257991D20ECA66A00971A0E /* main.m */; };
		F257992820ECA66B00971A0E /* PKLButtomTests.m in Sources */ = {isa = PBXBuildFile; fileRef = F257992720ECA66B00971A0E /* PKLButtomTests.m */; };
		F257993320ECA66B00971A0E /* PKLButtomUITests.m in Sources */ = {isa = PBXBuildFile; fileRef = F257993220ECA66B00971A0E /* PKLButtomUITests.m */; };
/* End PBXBuildFile section */

/* Begin PBXContainerItemProxy section */
		F257992420ECA66B00971A0E /* PBXContainerItemProxy */ = {
			isa = PBXContainerItemProxy;
			containerPortal = F257990320ECA66900971A0E /* Project object */;
			proxyType = 1;
			remoteGlobalIDString = F257990A20ECA66900971A0E;
			remoteInfo = PKLButtom;
		};
		F257992F20ECA66B00971A0E /* PBXContainerItemProxy */ = {
			isa = PBXContainerItemProxy;
			containerPortal = F257990320ECA66900971A0E /* Project object */;
			proxyType = 1;
			remoteGlobalIDString = F257990A20ECA66900971A0E;
			remoteInfo = PKLButtom;
		};
/* End PBXContainerItemProxy section */

/* Begin PBXFileReference section */
		F257990B20ECA66900971A0E /* PKLButtom.app */ = {isa = PBXFileReference; explicitFileType = wrapper.application; includeInIndex = 0; path = PKLButtom.app; sourceTree = BUILT_PRODUCTS_DIR; };
		F257990E20ECA66900971A0E /* AppDelegate.h */ = {isa = PBXFileReference; lastKnownFileType = sourcecode.c.h; path = AppDelegate.h; sourceTree = "<group>"; };
		F257990F20ECA66900971A0E /* AppDelegate.m */ = {isa = PBXFileReference; lastKnownFileType = sourcecode.c.objc; path = AppDelegate.m; sourceTree = "<group>"; };
		F257991120ECA66900971A0E /* ViewController.h */ = {isa = PBXFileReference; lastKnownFileType = sourcecode.c.h; path = ViewController.h; sourceTree = "<group>"; };
		F257991220ECA66900971A0E /* ViewController.m */ = {isa = PBXFileReference; lastKnownFileType = sourcecode.c.objc; path = ViewController.m; sourceTree = "<group>"; };
		F257991520ECA66900971A0E /* Base */ = {isa = PBXFileReference; lastKnownFileType = file.storyboard; name = Base; path = Base.lproj/Main.storyboard; sourceTree = "<group>"; };
		F257991720ECA66A00971A0E /* Assets.xcassets */ = {isa = PBXFileReference; lastKnownFileType = folder.assetcatalog; path = Assets.xcassets; sourceTree = "<group>"; };
		F257991A20ECA66A00971A0E /* Base */ = {isa = PBXFileReference; lastKnownFileType = file.storyboard; name = Base; path = Base.lproj/LaunchScreen.storyboard; sourceTree = "<group>"; };
		F257991C20ECA66A00971A0E /* Info.plist */ = {isa = PBXFileReference; lastKnownFileType = text.plist.xml; path = Info.plist; sourceTree = "<group>"; };
		F257991D20ECA66A00971A0E /* main.m */ = {isa = PBXFileReference; lastKnownFileType = sourcecode.c.objc; path = main.m; sourceTree = "<group>"; };
		F257992320ECA66B00971A0E /* PKLButtomTests.xctest */ = {isa = PBXFileReference; explicitFileType = wrapper.cfbundle; includeInIndex = 0; path = PKLButtomTests.xctest; sourceTree = BUILT_PRODUCTS_DIR; };
		F257992720ECA66B00971A0E /* PKLButtomTests.m */ = {isa = PBXFileReference; lastKnownFileType = sourcecode.c.objc; path = PKLButtomTests.m; sourceTree = "<group>"; };
		F257992920ECA66B00971A0E /* Info.plist */ = {isa = PBXFileReference; lastKnownFileType = text.plist.xml; path = Info.plist; sourceTree = "<group>"; };
		F257992E20ECA66B00971A0E /* PKLButtomUITests.xctest */ = {isa = PBXFileReference; explicitFileType = wrapper.cfbundle; includeInIndex = 0; path = PKLButtomUITests.xctest; sourceTree = BUILT_PRODUCTS_DIR; };
		F257993220ECA66B00971A0E /* PKLButtomUITests.m */ = {isa = PBXFileReference; lastKnownFileType = sourcecode.c.objc; path = PKLButtomUITests.m; sourceTree = "<group>"; };
		F257993420ECA66B00971A0E /* Info.plist */ = {isa = PBXFileReference; lastKnownFileType = text.plist.xml; path = Info.plist; sourceTree = "<group>"; };
/* End PBXFileReference section */

/* Begin PBXFrameworksBuildPhase section */
		F257990820ECA66900971A0E /* Frameworks */ = {
			isa = PBXFrameworksBuildPhase;
			buildActionMask = 2147483647;
			files = (
			);
			runOnlyForDeploymentPostprocessing = 0;
		};
		F257992020ECA66B00971A0E /* Frameworks */ = {
			isa = PBXFrameworksBuildPhase;
			buildActionMask = 2147483647;
			files = (
			);
			runOnlyForDeploymentPostprocessing = 0;
		};
		F257992B20ECA66B00971A0E /* Frameworks */ = {
			isa = PBXFrameworksBuildPhase;
			buildActionMask = 2147483647;
			files = (
			);
			runOnlyForDeploymentPostprocessing = 0;
		};
/* End PBXFrameworksBuildPhase section */

/* Begin PBXGroup section */
		F257990220ECA66900971A0E = {
			isa = PBXGroup;
			children = (
				F257990D20ECA66900971A0E /* PKLButtom */,
				F257992620ECA66B00971A0E /* PKLButtomTests */,
				F257993120ECA66B00971A0E /* PKLButtomUITests */,
				F257990C20ECA66900971A0E /* Products */,
			);
			sourceTree = "<group>";
		};
		F257990C20ECA66900971A0E /* Products */ = {
			isa = PBXGroup;
			children = (
				F257990B20ECA66900971A0E /* PKLButtom.app */,
				F257992320ECA66B00971A0E /* PKLButtomTests.xctest */,
				F257992E20ECA66B00971A0E /* PKLButtomUITests.xctest */,
			);
			name = Products;
			sourceTree = "<group>";
		};
		F257990D20ECA66900971A0E /* PKLButtom */ = {
			isa = PBXGroup;
			children = (
				F257990E20ECA66900971A0E /* AppDelegate.h */,
				F257990F20ECA66900971A0E /* AppDelegate.m */,
				F257991120ECA66900971A0E /* ViewController.h */,
				F257991220ECA66900971A0E /* ViewController.m */,
				F257991420ECA66900971A0E /* Main.storyboard */,
				F257991720ECA66A00971A0E /* Assets.xcassets */,
				F257991920ECA66A00971A0E /* LaunchScreen.storyboard */,
				F257991C20ECA66A00971A0E /* Info.plist */,
				F257991D20ECA66A00971A0E /* main.m */,
			);
			path = PKLButtom;
			sourceTree = "<group>";
		};
		F257992620ECA66B00971A0E /* PKLButtomTests */ = {
			isa = PBXGroup;
			children = (
				F257992720ECA66B00971A0E /* PKLButtomTests.m */,
				F257992920ECA66B00971A0E /* Info.plist */,
			);
			path = PKLButtomTests;
			sourceTree = "<group>";
		};
		F257993120ECA66B00971A0E /* PKLButtomUITests */ = {
			isa = PBXGroup;
			children = (
				F257993220ECA66B00971A0E /* PKLButtomUITests.m */,
				F257993420ECA66B00971A0E /* Info.plist */,
			);
			path = PKLButtomUITests;
			sourceTree = "<group>";
		};
/* End PBXGroup section */

/* Begin PBXNativeTarget section */
		F257990A20ECA66900971A0E /* PKLButtom */ = {
			isa = PBXNativeTarget;
			buildConfigurationList = F257993720ECA66B00971A0E /* Build configuration list for PBXNativeTarget "PKLButtom" */;
			buildPhases = (
				F257990720ECA66900971A0E /* Sources */,
				F257990820ECA66900971A0E /* Frameworks */,
				F257990920ECA66900971A0E /* Resources */,
			);
			buildRules = (
			);
			dependencies = (
			);
			name = PKLButtom;
			productName = PKLButtom;
			productReference = F257990B20ECA66900971A0E /* PKLButtom.app */;
			productType = "com.apple.product-type.application";
		};
		F257992220ECA66B00971A0E /* PKLButtomTests */ = {
			isa = PBXNativeTarget;
			buildConfigurationList = F257993A20ECA66B00971A0E /* Build configuration list for PBXNativeTarget "PKLButtomTests" */;
			buildPhases = (
				F257991F20ECA66B00971A0E /* Sources */,
				F257992020ECA66B00971A0E /* Frameworks */,
				F257992120ECA66B00971A0E /* Resources */,
			);
			buildRules = (
			);
			dependencies = (
				F257992520ECA66B00971A0E /* PBXTargetDependency */,
			);
			name = PKLButtomTests;
			productName = PKLButtomTests;
			productReference = F257992320ECA66B00971A0E /* PKLButtomTests.xctest */;
			productType = "com.apple.product-type.bundle.unit-test";
		};
		F257992D20ECA66B00971A0E /* PKLButtomUITests */ = {
			isa = PBXNativeTarget;
			buildConfigurationList = F257993D20ECA66B00971A0E /* Build configuration list for PBXNativeTarget "PKLButtomUITests" */;
			buildPhases = (
				F257992A20ECA66B00971A0E /* Sources */,
				F257992B20ECA66B00971A0E /* Frameworks */,
				F257992C20ECA66B00971A0E /* Resources */,
			);
			buildRules = (
			);
			dependencies = (
				F257993020ECA66B00971A0E /* PBXTargetDependency */,
			);
			name = PKLButtomUITests;
			productName = PKLButtomUITests;
			productReference = F257992E20ECA66B00971A0E /* PKLButtomUITests.xctest */;
			productType = "com.apple.product-type.bundle.ui-testing";
		};
/* End PBXNativeTarget section */

/* Begin PBXProject section */
		F257990320ECA66900971A0E /* Project object */ = {
			isa = PBXProject;
			attributes = {
				LastUpgradeCheck = 0940;
				ORGANIZATIONNAME = "庞珂路";
				TargetAttributes = {
					F257990A20ECA66900971A0E = {
						CreatedOnToolsVersion = 9.4.1;
					};
					F257992220ECA66B00971A0E = {
						CreatedOnToolsVersion = 9.4.1;
						TestTargetID = F257990A20ECA66900971A0E;
					};
					F257992D20ECA66B00971A0E = {
						CreatedOnToolsVersion = 9.4.1;
						TestTargetID = F257990A20ECA66900971A0E;
					};
				};
			};
			buildConfigurationList = F257990620ECA66900971A0E /* Build configuration list for PBXProject "PKLButtom" */;
			compatibilityVersion = "Xcode 9.3";
			developmentRegion = en;
			hasScannedForEncodings = 0;
			knownRegions = (
				en,
				Base,
			);
			mainGroup = F257990220ECA66900971A0E;
			productRefGroup = F257990C20ECA66900971A0E /* Products */;
			projectDirPath = "";
			projectRoot = "";
			targets = (
				F257990A20ECA66900971A0E /* PKLButtom */,
				F257992220ECA66B00971A0E /* PKLButtomTests */,
				F257992D20ECA66B00971A0E /* PKLButtomUITests */,
			);
		};
/* End PBXProject section */

/* Begin PBXResourcesBuildPhase section */
		F257990920ECA66900971A0E /* Resources */ = {
			isa = PBXResourcesBuildPhase;
			buildActionMask = 2147483647;
			files = (
				F257991B20ECA66A00971A0E /* LaunchScreen.storyboard in Resources */,
				F257991820ECA66A00971A0E /* Assets.xcassets in Resources */,
				F257991620ECA66900971A0E /* Main.storyboard in Resources */,
			);
			runOnlyForDeploymentPostprocessing = 0;
		};
		F257992120ECA66B00971A0E /* Resources */ = {
			isa = PBXResourcesBuildPhase;
			buildActionMask = 2147483647;
			files = (
			);
			runOnlyForDeploymentPostprocessing = 0;
		};
		F257992C20ECA66B00971A0E /* Resources */ = {
			isa = PBXResourcesBuildPhase;
			buildActionMask = 2147483647;
			files = (
			);
			runOnlyForDeploymentPostprocessing = 0;
		};
/* End PBXResourcesBuildPhase section */

/* Begin PBXSourcesBuildPhase section */
		F257990720ECA66900971A0E /* Sources */ = {
			isa = PBXSourcesBuildPhase;
			buildActionMask = 2147483647;
			files = (
				F257991320ECA66900971A0E /* ViewController.m in Sources */,
				F257991E20ECA66A00971A0E /* main.m in Sources */,
				F257991020ECA66900971A0E /* AppDelegate.m in Sources */,
			);
			runOnlyForDeploymentPostprocessing = 0;
		};
		F257991F20ECA66B00971A0E /* Sources */ = {
			isa = PBXSourcesBuildPhase;
			buildActionMask = 2147483647;
			files = (
				F257992820ECA66B00971A0E /* PKLButtomTests.m in Sources */,
			);
			runOnlyForDeploymentPostprocessing = 0;
		};
		F257992A20ECA66B00971A0E /* Sources */ = {
			isa = PBXSourcesBuildPhase;
			buildActionMask = 2147483647;
			files = (
				F257993320ECA66B00971A0E /* PKLButtomUITests.m in Sources */,
			);
			runOnlyForDeploymentPostprocessing = 0;
		};
/* End PBXSourcesBuildPhase section */

/* Begin PBXTargetDependency section */
		F257992520ECA66B00971A0E /* PBXTargetDependency */ = {
			isa = PBXTargetDependency;
			target = F257990A20ECA66900971A0E /* PKLButtom */;
			targetProxy = F257992420ECA66B00971A0E /* PBXContainerItemProxy */;
		};
		F257993020ECA66B00971A0E /* PBXTargetDependency */ = {
			isa = PBXTargetDependency;
			target = F257990A20ECA66900971A0E /* PKLButtom */;
			targetProxy = F257992F20ECA66B00971A0E /* PBXContainerItemProxy */;
		};
/* End PBXTargetDependency section */

/* Begin PBXVariantGroup section */
		F257991420ECA66900971A0E /* Main.storyboard */ = {
			isa = PBXVariantGroup;
			children = (
				F257991520ECA66900971A0E /* Base */,
			);
			name = Main.storyboard;
			sourceTree = "<group>";
		};
		F257991920ECA66A00971A0E /* LaunchScreen.storyboard */ = {
			isa = PBXVariantGroup;
			children = (
				F257991A20ECA66A00971A0E /* Base */,
			);
			name = LaunchScreen.storyboard;
			sourceTree = "<group>";
		};
/* End PBXVariantGroup section */

/* Begin XCBuildConfiguration section */
		F257993520ECA66B00971A0E /* Debug */ = {
			isa = XCBuildConfiguration;
			buildSettings = {
				ALWAYS_SEARCH_USER_PATHS = NO;
				CLANG_ANALYZER_NONNULL = YES;
				CLANG_ANALYZER_NUMBER_OBJECT_CONVERSION = YES_AGGRESSIVE;
				CLANG_CXX_LANGUAGE_STANDARD = "gnu++14";
				CLANG_CXX_LIBRARY = "libc++";
				CLANG_ENABLE_MODULES = YES;
				CLANG_ENABLE_OBJC_ARC = YES;
				CLANG_ENABLE_OBJC_WEAK = YES;
				CLANG_WARN_BLOCK_CAPTURE_AUTORELEASING = YES;
				CLANG_WARN_BOOL_CONVERSION = YES;
				CLANG_WARN_COMMA = YES;
				CLANG_WARN_CONSTANT_CONVERSION = YES;
				CLANG_WARN_DEPRECATED_OBJC_IMPLEMENTATIONS = YES;
				CLANG_WARN_DIRECT_OBJC_ISA_USAGE = YES_ERROR;
				CLANG_WARN_DOCUMENTATION_COMMENTS = YES;
				CLANG_WARN_EMPTY_BODY = YES;
				CLANG_WARN_ENUM_CONVERSION = YES;
				CLANG_WARN_INFINITE_RECURSION = YES;
				CLANG_WARN_INT_CONVERSION = YES;
				CLANG_WARN_NON_LITERAL_NULL_CONVERSION = YES;
				CLANG_WARN_OBJC_IMPLICIT_RETAIN_SELF = YES;
				CLANG_WARN_OBJC_LITERAL_CONVERSION = YES;
				CLANG_WARN_OBJC_ROOT_CLASS = YES_ERROR;
				CLANG_WARN_RANGE_LOOP_ANALYSIS = YES;
				CLANG_WARN_STRICT_PROTOTYPES = YES;
				CLANG_WARN_SUSPICIOUS_MOVE = YES;
				CLANG_WARN_UNGUARDED_AVAILABILITY = YES_AGGRESSIVE;
				CLANG_WARN_UNREACHABLE_CODE = YES;
				CLANG_WARN__DUPLICATE_METHOD_MATCH = YES;
				CODE_SIGN_IDENTITY = "iPhone Developer";
				COPY_PHASE_STRIP = NO;
				DEBUG_INFORMATION_FORMAT = dwarf;
				ENABLE_STRICT_OBJC_MSGSEND = YES;
				ENABLE_TESTABILITY = YES;
				GCC_C_LANGUAGE_STANDARD = gnu11;
				GCC_DYNAMIC_NO_PIC = NO;
				GCC_NO_COMMON_BLOCKS = YES;
				GCC_OPTIMIZATION_LEVEL = 0;
				GCC_PREPROCESSOR_DEFINITIONS = (
					"DEBUG=1",
					"$(inherited)",
				);
				GCC_WARN_64_TO_32_BIT_CONVERSION = YES;
				GCC_WARN_ABOUT_RETURN_TYPE = YES_ERROR;
				GCC_WARN_UNDECLARED_SELECTOR = YES;
				GCC_WARN_UNINITIALIZED_AUTOS = YES_AGGRESSIVE;
				GCC_WARN_UNUSED_FUNCTION = YES;
				GCC_WARN_UNUSED_VARIABLE = YES;
				IPHONEOS_DEPLOYMENT_TARGET = 11.4;
				MTL_ENABLE_DEBUG_INFO = YES;
				ONLY_ACTIVE_ARCH = YES;
				SDKROOT = iphoneos;
			};
			name = Debug;
		};
		F257993620ECA66B00971A0E /* Release */ = {
			isa = XCBuildConfiguration;
			buildSettings = {
				ALWAYS_SEARCH_USER_PATHS = NO;
				CLANG_ANALYZER_NONNULL = YES;
				CLANG_ANALYZER_NUMBER_OBJECT_CONVERSION = YES_AGGRESSIVE;
				CLANG_CXX_LANGUAGE_STANDARD = "gnu++14";
				CLANG_CXX_LIBRARY = "libc++";
				CLANG_ENABLE_MODULES = YES;
				CLANG_ENABLE_OBJC_ARC = YES;
				CLANG_ENABLE_OBJC_WEAK = YES;
				CLANG_WARN_BLOCK_CAPTURE_AUTORELEASING = YES;
				CLANG_WARN_BOOL_CONVERSION = YES;
				CLANG_WARN_COMMA = YES;
				CLANG_WARN_CONSTANT_CONVERSION = YES;
				CLANG_WARN_DEPRECATED_OBJC_IMPLEMENTATIONS = YES;
				CLANG_WARN_DIRECT_OBJC_ISA_USAGE = YES_ERROR;
				CLANG_WARN_DOCUMENTATION_COMMENTS = YES;
				CLANG_WARN_EMPTY_BODY = YES;
				CLANG_WARN_ENUM_CONVERSION = YES;
				CLANG_WARN_INFINITE_RECURSION = YES;
				CLANG_WARN_INT_CONVERSION = YES;
				CLANG_WARN_NON_LITERAL_NULL_CONVERSION = YES;
				CLANG_WARN_OBJC_IMPLICIT_RETAIN_SELF = YES;
				CLANG_WARN_OBJC_LITERAL_CONVERSION = YES;
				CLANG_WARN_OBJC_ROOT_CLASS = YES_ERROR;
				CLANG_WARN_RANGE_LOOP_ANALYSIS = YES;
				CLANG_WARN_STRICT_PROTOTYPES = YES;
				CLANG_WARN_SUSPICIOUS_MOVE = YES;
				CLANG_WARN_UNGUARDED_AVAILABILITY = YES_AGGRESSIVE;
				CLANG_WARN_UNREACHABLE_CODE = YES;
				CLANG_WARN__DUPLICATE_METHOD_MATCH = YES;
				CODE_SIGN_IDENTITY = "iPhone Developer";
				COPY_PHASE_STRIP = NO;
				DEBUG_INFORMATION_FORMAT = "dwarf-with-dsym";
				ENABLE_NS_ASSERTIONS = NO;
				ENABLE_STRICT_OBJC_MSGSEND = YES;
				GCC_C_LANGUAGE_STANDARD = gnu11;
				GCC_NO_COMMON_BLOCKS = YES;
				GCC_WARN_64_TO_32_BIT_CONVERSION = YES;
				GCC_WARN_ABOUT_RETURN_TYPE = YES_ERROR;
				GCC_WARN_UNDECLARED_SELECTOR = YES;
				GCC_WARN_UNINITIALIZED_AUTOS = YES_AGGRESSIVE;
				GCC_WARN_UNUSED_FUNCTION = YES;
				GCC_WARN_UNUSED_VARIABLE = YES;
				IPHONEOS_DEPLOYMENT_TARGET = 11.4;
				MTL_ENABLE_DEBUG_INFO = NO;
				SDKROOT = iphoneos;
				VALIDATE_PRODUCT = YES;
			};
			name = Release;
		};
		F257993820ECA66B00971A0E /* Debug */ = {
			isa = XCBuildConfiguration;
			buildSettings = {
				ASSETCATALOG_COMPILER_APPICON_NAME = AppIcon;
				CODE_SIGN_STYLE = Automatic;
				DEVELOPMENT_TEAM = 2E9HNXTM3J;
				INFOPLIST_FILE = PKLButtom/Info.plist;
				IPHONEOS_DEPLOYMENT_TARGET = 8.0;
				LD_RUNPATH_SEARCH_PATHS = (
					"$(inherited)",
					"@executable_path/Frameworks",
				);
				PRODUCT_BUNDLE_IDENTIFIER = com.duia..PKLButtom;
				PRODUCT_NAME = "$(TARGET_NAME)";
				TARGETED_DEVICE_FAMILY = 1;
			};
			name = Debug;
		};
		F257993920ECA66B00971A0E /* Release */ = {
			isa = XCBuildConfiguration;
			buildSettings = {
				ASSETCATALOG_COMPILER_APPICON_NAME = AppIcon;
				CODE_SIGN_STYLE = Automatic;
				DEVELOPMENT_TEAM = 2E9HNXTM3J;
				INFOPLIST_FILE = PKLButtom/Info.plist;
				IPHONEOS_DEPLOYMENT_TARGET = 8.0;
				LD_RUNPATH_SEARCH_PATHS = (
					"$(inherited)",
					"@executable_path/Frameworks",
				);
				PRODUCT_BUNDLE_IDENTIFIER = com.duia..PKLButtom;
				PRODUCT_NAME = "$(TARGET_NAME)";
				TARGETED_DEVICE_FAMILY = 1;
			};
			name = Release;
		};
		F257993B20ECA66B00971A0E /* Debug */ = {
			isa = XCBuildConfiguration;
			buildSettings = {
				BUNDLE_LOADER = "$(TEST_HOST)";
				CODE_SIGN_STYLE = Automatic;
				INFOPLIST_FILE = PKLButtomTests/Info.plist;
				LD_RUNPATH_SEARCH_PATHS = (
					"$(inherited)",
					"@executable_path/Frameworks",
					"@loader_path/Frameworks",
				);
				PRODUCT_BUNDLE_IDENTIFIER = com.duia..PKLButtomTests;
				PRODUCT_NAME = "$(TARGET_NAME)";
				TARGETED_DEVICE_FAMILY = "1,2";
				TEST_HOST = "$(BUILT_PRODUCTS_DIR)/PKLButtom.app/PKLButtom";
			};
			name = Debug;
		};
		F257993C20ECA66B00971A0E /* Release */ = {
			isa = XCBuildConfiguration;
			buildSettings = {
				BUNDLE_LOADER = "$(TEST_HOST)";
				CODE_SIGN_STYLE = Automatic;
				INFOPLIST_FILE = PKLButtomTests/Info.plist;
				LD_RUNPATH_SEARCH_PATHS = (
					"$(inherited)",
					"@executable_path/Frameworks",
					"@loader_path/Frameworks",
				);
				PRODUCT_BUNDLE_IDENTIFIER = com.duia..PKLButtomTests;
				PRODUCT_NAME = "$(TARGET_NAME)";
				TARGETED_DEVICE_FAMILY = "1,2";
				TEST_HOST = "$(BUILT_PRODUCTS_DIR)/PKLButtom.app/PKLButtom";
			};
			name = Release;
		};
		F257993E20ECA66B00971A0E /* Debug */ = {
			isa = XCBuildConfiguration;
			buildSettings = {
				CODE_SIGN_STYLE = Automatic;
				INFOPLIST_FILE = PKLButtomUITests/Info.plist;
				LD_RUNPATH_SEARCH_PATHS = (
					"$(inherited)",
					"@executable_path/Frameworks",
					"@loader_path/Frameworks",
				);
				PRODUCT_BUNDLE_IDENTIFIER = com.duia..PKLButtomUITests;
				PRODUCT_NAME = "$(TARGET_NAME)";
				TARGETED_DEVICE_FAMILY = "1,2";
				TEST_TARGET_NAME = PKLButtom;
			};
			name = Debug;
		};
		F257993F20ECA66B00971A0E /* Release */ = {
			isa = XCBuildConfiguration;
			buildSettings = {
				CODE_SIGN_STYLE = Automatic;
				INFOPLIST_FILE = PKLButtomUITests/Info.plist;
				LD_RUNPATH_SEARCH_PATHS = (
					"$(inherited)",
					"@executable_path/Frameworks",
					"@loader_path/Frameworks",
				);
				PRODUCT_BUNDLE_IDENTIFIER = com.duia..PKLButtomUITests;
				PRODUCT_NAME = "$(TARGET_NAME)";
				TARGETED_DEVICE_FAMILY = "1,2";
				TEST_TARGET_NAME = PKLButtom;
			};
			name = Release;
		};
/* End XCBuildConfiguration section */

/* Begin XCConfigurationList section */
		F257990620ECA66900971A0E /* Build configuration list for PBXProject "PKLButtom" */ = {
			isa = XCConfigurationList;
			buildConfigurations = (
				F257993520ECA66B00971A0E /* Debug */,
				F257993620ECA66B00971A0E /* Release */,
			);
			defaultConfigurationIsVisible = 0;
			defaultConfigurationName = Release;
		};
		F257993720ECA66B00971A0E /* Build configuration list for PBXNativeTarget "PKLButtom" */ = {
			isa = XCConfigurationList;
			buildConfigurations = (
				F257993820ECA66B00971A0E /* Debug */,
				F257993920ECA66B00971A0E /* Release */,
			);
			defaultConfigurationIsVisible = 0;
			defaultConfigurationName = Release;
		};
		F257993A20ECA66B00971A0E /* Build configuration list for PBXNativeTarget "PKLButtomTests" */ = {
			isa = XCConfigurationList;
			buildConfigurations = (
				F257993B20ECA66B00971A0E /* Debug */,
				F257993C20ECA66B00971A0E /* Release */,
			);
			defaultConfigurationIsVisible = 0;
			defaultConfigurationName = Release;
		};
		F257993D20ECA66B00971A0E /* Build configuration list for PBXNativeTarget "PKLButtomUITests" */ = {
			isa = XCConfigurationList;
			buildConfigurations = (
				F257993E20ECA66B00971A0E /* Debug */,
				F257993F20ECA66B00971A0E /* Release */,
			);
			defaultConfigurationIsVisible = 0;
			defaultConfigurationName = Release;
		};
/* End XCConfigurationList section */
	};
	rootObject = F257990320ECA66900971A0E /* Project object */;
}
